
Microsoft Visual Studio Solution File, Format Version 12.00
# Visual Studio Version 17
VisualStudioVersion = 17.0.32112.339
MinimumVisualStudioVersion = 10.0.40219.1
Project("{FAE04EC0-301F-11D3-BF4B-00C04F79EFBC}") = "Lab_5", "Lab_5\Lab_5.csproj", "{31D3895D-E272-4A55-9B52-6AD8E0A2C21E}"
EndProject
Global
	GlobalSection(SolutionConfigurationPlatforms) = preSolution
		Debug|Any CPU = Debug|Any CPU
		Release|Any CPU = Release|Any CPU
	EndGlobalSection
	GlobalSection(ProjectConfigurationPlatforms) = postSolution
		{31D3895D-E272-4A55-9B52-6AD8E0A2C21E}.Debug|Any CPU.ActiveCfg = Debug|Any CPU
		{31D3895D-E272-4A55-9B52-6AD8E0A2C21E}.Debug|Any CPU.Build.0 = Debug|Any CPU
		{31D3895D-E272-4A55-9B52-6AD8E0A2C21E}.Release|Any CPU.ActiveCfg = Release|Any CPU
		{31D3895D-E272-4A55-9B52-6AD8E0A2C21E}.Release|Any CPU.Build.0 = Release|Any CPU
	EndGlobalSection
	GlobalSection(SolutionProperties) = preSolution
		HideSolutionNode = FALSE
	EndGlobalSection
	GlobalSection(ExtensibilityGlobals) = postSolution
		SolutionGuid = {C18D15AF-3FDB-4B92-99E0-189EE97B7875}
	EndGlobalSection
EndGlobal
